
Microsoft Visual Studio Solution File, Format Version 12.00
# Visual Studio 15
VisualStudioVersion = 15.0.28010.2041
MinimumVisualStudioVersion = 10.0.40219.1
Project("{FAE04EC0-301F-11D3-BF4B-00C04F79EFBC}") = "csx64", "csx64.csproj", "{A7B2AFFE-B544-4EB8-92B6-8B1BB85D6FC3}"
EndProject
Global
	GlobalSection(SolutionConfigurationPlatforms) = preSolution
		Debug|Any CPU = Debug|Any CPU
		Debug|x64 = Debug|x64
		Release|Any CPU = Release|Any CPU
		Release|x64 = Release|x64
	EndGlobalSection
	GlobalSection(ProjectConfigurationPlatforms) = postSolution
		{A7B2AFFE-B544-4EB8-92B6-8B1BB85D6FC3}.Debug|Any CPU.ActiveCfg = Debug|Any CPU
		{A7B2AFFE-B544-4EB8-92B6-8B1BB85D6FC3}.Debug|Any CPU.Build.0 = Debug|Any CPU
		{A7B2AFFE-B544-4EB8-92B6-8B1BB85D6FC3}.Debug|x64.ActiveCfg = Debug|x64
		{A7B2AFFE-B544-4EB8-92B6-8B1BB85D6FC3}.Debug|x64.Build.0 = Debug|x64
		{A7B2AFFE-B544-4EB8-92B6-8B1BB85D6FC3}.Release|Any CPU.ActiveCfg = Release|Any CPU
		{A7B2AFFE-B544-4EB8-92B6-8B1BB85D6FC3}.Release|Any CPU.Build.0 = Release|Any CPU
		{A7B2AFFE-B544-4EB8-92B6-8B1BB85D6FC3}.Release|x64.ActiveCfg = Release|x64
		{A7B2AFFE-B544-4EB8-92B6-8B1BB85D6FC3}.Release|x64.Build.0 = Release|x64
	EndGlobalSection
	GlobalSection(SolutionProperties) = preSolution
		HideSolutionNode = FALSE
	EndGlobalSection
	GlobalSection(ExtensibilityGlobals) = postSolution
		SolutionGuid = {ED5EB656-4451-45EF-891E-AF5E66B4EEE6}
	EndGlobalSection
EndGlobal
